
Microsoft Visual Studio Solution File, Format Version 12.00
# Visual Studio Version 17
VisualStudioVersion = 17.4.33213.308
MinimumVisualStudioVersion = 10.0.40219.1
Project("{FAE04EC0-301F-11D3-BF4B-00C04F79EFBC}") = "Unwired.Commons", "Unwired.Commons\Unwired.Commons.csproj", "{517E2E52-459D-42BC-A4F2-9662FC4984CB}"
EndProject
Project("{2150E333-8FDC-42A3-9474-1A3956D46DE8}") = "Itens de Solução", "Itens de Solução", "{BB75E036-23BF-4094-957A-201664596801}"
	ProjectSection(SolutionItems) = preProject
		CHANGELOG.md = CHANGELOG.md
		LICENCE.md = LICENCE.md
		README.md = README.md
	EndProjectSection
EndProject
Global
	GlobalSection(SolutionConfigurationPlatforms) = preSolution
		Debug|Any CPU = Debug|Any CPU
		Release|Any CPU = Release|Any CPU
	EndGlobalSection
	GlobalSection(ProjectConfigurationPlatforms) = postSolution
		{517E2E52-459D-42BC-A4F2-9662FC4984CB}.Debug|Any CPU.ActiveCfg = Debug|Any CPU
		{517E2E52-459D-42BC-A4F2-9662FC4984CB}.Debug|Any CPU.Build.0 = Debug|Any CPU
		{517E2E52-459D-42BC-A4F2-9662FC4984CB}.Release|Any CPU.ActiveCfg = Release|Any CPU
		{517E2E52-459D-42BC-A4F2-9662FC4984CB}.Release|Any CPU.Build.0 = Release|Any CPU
	EndGlobalSection
	GlobalSection(SolutionProperties) = preSolution
		HideSolutionNode = FALSE
	EndGlobalSection
	GlobalSection(ExtensibilityGlobals) = postSolution
		SolutionGuid = {1E8C8F89-EF58-43F9-AFE4-85303D578E3A}
	EndGlobalSection
EndGlobal
